
Microsoft Visual Studio Solution File, Format Version 12.00
# Visual Studio Version 16
VisualStudioVersion = 16.0.31624.102
MinimumVisualStudioVersion = 10.0.40219.1
Project("{FAE04EC0-301F-11D3-BF4B-00C04F79EFBC}") = "ClinicServiceSystem", "ClinicServiceSystem\ClinicServiceSystem.csproj", "{8753498A-362B-42CC-BECB-26469424C761}"
EndProject
Project("{FAE04EC0-301F-11D3-BF4B-00C04F79EFBC}") = "ClinicServiceWebService", "ClinicServiceWebService\ClinicServiceWebService.csproj", "{49C6E559-B479-4281-80C4-6581ADF31E39}"
EndProject
Global
	GlobalSection(SolutionConfigurationPlatforms) = preSolution
		Debug|Any CPU = Debug|Any CPU
		Release|Any CPU = Release|Any CPU
	EndGlobalSection
	GlobalSection(ProjectConfigurationPlatforms) = postSolution
		{8753498A-362B-42CC-BECB-26469424C761}.Debug|Any CPU.ActiveCfg = Debug|Any CPU
		{8753498A-362B-42CC-BECB-26469424C761}.Debug|Any CPU.Build.0 = Debug|Any CPU
		{8753498A-362B-42CC-BECB-26469424C761}.Release|Any CPU.ActiveCfg = Release|Any CPU
		{8753498A-362B-42CC-BECB-26469424C761}.Release|Any CPU.Build.0 = Release|Any CPU
		{49C6E559-B479-4281-80C4-6581ADF31E39}.Debug|Any CPU.ActiveCfg = Debug|Any CPU
		{49C6E559-B479-4281-80C4-6581ADF31E39}.Debug|Any CPU.Build.0 = Debug|Any CPU
		{49C6E559-B479-4281-80C4-6581ADF31E39}.Release|Any CPU.ActiveCfg = Release|Any CPU
		{49C6E559-B479-4281-80C4-6581ADF31E39}.Release|Any CPU.Build.0 = Release|Any CPU
	EndGlobalSection
	GlobalSection(SolutionProperties) = preSolution
		HideSolutionNode = FALSE
	EndGlobalSection
	GlobalSection(ExtensibilityGlobals) = postSolution
		SolutionGuid = {AA9FA6B6-9FD9-4A9C-B653-2B1CFDB44495}
	EndGlobalSection
EndGlobal
